<?xml version="1.0" encoding="utf-8"?>
<Project ToolsVersion="4.0" xmlns="http://schemas.microsoft.com/developer/msbuild/2003">
  <ItemGroup>
    <Filter Include="storage">
      <UniqueIdentifier>{727d5a34-34f3-4eba-ade7-cdf213c81dfb}</UniqueIdentifier>
    </Filter>
  </ItemGroup>
  <ItemGroup>
    <ClInclude Include="storage\InMemoryRepository.h">
      <Filter>storage</Filter>
    </ClInclude>
  </ItemGroup>
  <ItemGroup>
    <None Include="packages.config" />
  </ItemGroup>
  <ItemGroup>
    <ClCompile Include="InMemoryRepository.cpp">
      <Filter>storage</Filter>
    </ClCompile>
    <ClCompile Include="Tests.cpp" />
  </ItemGroup>
</Project>